# THIS IS AN AUTOGENERATED FILE. DO NOT EDIT THIS FILE DIRECTLY.
# yfxx lockfile v1


"@babel/code-frame@^7.0.0":
  version "7.10.4"
  resolved "https://registry.yarnpkg.com/@babel/code-frame/-/code-frame-7.10.4.tgz#168da1a36e90da68ae8d49c0f1b48c7c6249213a"
  integrity sha512-vG6SvB6oYEhvgisZNFRmRCUkLz11c7rp+tbNTynGqc6mS1d5ATd/sGyV6W0KZZnXRKMTzZDRgQT3Ou9jhpAfUg==
  dependencies:
    "@babel/highlight" "^7.10.4"

"@babel/helper-validator-identifier@^7.10.4":
  version "7.10.4"
  resolved "https://registry.yarnpkg.com/@babel/helper-validator-identifier/-/helper-validator-identifier-7.10.4.tgz#a78c7a7251e01f616512d31b10adcf52ada5e0d2"
  integrity sha512-3U9y+43hz7ZM+rzG24Qe2mufW5KhvFg/NhnNph+i9mgCtdTCtMJuI1TMkrIUiK7Ix4PYlRF9I5dhqaLYA/ADXw==

"@babel/highlight@^7.10.4":
  version "7.10.4"
  resolved "https://registry.yarnpkg.com/@babel/highlight/-/highlight-7.10.4.tgz#7d1bdfd65753538fabe6c38596cdb76d9ac60143"
  integrity sha512-i6rgnR/YgPEQzZZnbTHHuZdlE8qyoBNalD6F+q4vAFlcMEcqmkoG+mPqJYJCo63qPf74+Y1UZsl3l6f7/RIkmA==
  dependencies:
    "@babel/helper-validator-identifier" "^7.10.4"
    chalk "^2.0.0"
    js-tokens "^4.0.0"

"@babel/runtime@^7.11.2":
  version "7.11.2"
  resolved "https://registry.yarnpkg.com/@babel/runtime/-/runtime-7.11.2.tgz#f549c13c754cc40b87644b9fa9f09a6a95fe0736"
  integrity sha512-TeWkU52so0mPtDcaCTxNBI/IHiz0pZgr8VEFqXFtZWpYD08ZB6FaSwVAS8MKRQAP3bYKiVjwysOJgMFY28o6Tw==
  dependencies:
    regenerator-runtime "^0.13.4"

"@commitlint/cli@^11.0.0":
  version "11.0.0"
  resolved "https://registry.yarnpkg.com/@commitlint/cli/-/cli-11.0.0.tgz#698199bc52afed50aa28169237758fa14a67b5d3"
  integrity sha512-YWZWg1DuqqO5Zjh7vUOeSX76vm0FFyz4y0cpGMFhrhvUi5unc4IVfCXZ6337R9zxuBtmveiRuuhQqnRRer+13g==
  dependencies:
    "@babel/runtime" "^7.11.2"
    "@commitlint/format" "^11.0.0"
    "@commitlint/lint" "^11.0.0"
    "@commitlint/load" "^11.0.0"
    "@commitlint/read" "^11.0.0"
    chalk "4.1.0"
    core-js "^3.6.1"
    get-stdin "8.0.0"
    lodash "^4.17.19"
    resolve-from "5.0.0"
    resolve-global "1.0.0"
    yargs "^15.1.0"

"@commitlint/config-conventional@^11.0.0":
  version "11.0.0"
  resolved "https://registry.yarnpkg.com/@commitlint/config-conventional/-/config-conventional-11.0.0.tgz#3fa300a1b639273946de3c3f15e1cda518333422"
  integrity sha512-SNDRsb5gLuDd2PL83yCOQX6pE7gevC79UPFx+GLbLfw6jGnnbO9/tlL76MLD8MOViqGbo7ZicjChO9Gn+7tHhA==
  dependencies:
    conventional-changelog-conventionalcommits "^4.3.1"

"@commitlint/ensure@^11.0.0":
  version "11.0.0"
  resolved "https://registry.yarnpkg.com/@commitlint/ensure/-/ensure-11.0.0.tgz#3e796b968ab5b72bc6f8a6040076406306c987fb"
  integrity sha512-/T4tjseSwlirKZdnx4AuICMNNlFvRyPQimbZIOYujp9DSO6XRtOy9NrmvWujwHsq9F5Wb80QWi4WMW6HMaENug==
  dependencies:
    "@commitlint/types" "^11.0.0"
    lodash "^4.17.19"

"@commitlint/execute-rule@^11.0.0":
  version "11.0.0"
  resolved "https://registry.yarnpkg.com/@commitlint/execute-rule/-/execute-rule-11.0.0.tgz#3ed60ab7a33019e58d90e2d891b75d7df77b4b4d"
  integrity sha512-g01p1g4BmYlZ2+tdotCavrMunnPFPhTzG1ZiLKTCYrooHRbmvqo42ZZn4QMStUEIcn+jfLb6BRZX3JzIwA1ezQ==

"@commitlint/format@^11.0.0":
  version "11.0.0"
  resolved "https://registry.yarnpkg.com/@commitlint/format/-/format-11.0.0.tgz#ac47b0b9ca46540c0082c721b290794e67bdc51b"
  integrity sha512-bpBLWmG0wfZH/svzqD1hsGTpm79TKJWcf6EXZllh2J/LSSYKxGlv967lpw0hNojme0sZd4a/97R3qA2QHWWSLg==
  dependencies:
    "@commitlint/types" "^11.0.0"
    chalk "^4.0.0"

"@commitlint/is-ignored@^11.0.0":
  version "11.0.0"
  resolved "https://registry.yarnpkg.com/@commitlint/is-ignored/-/is-ignored-11.0.0.tgz#7b803eda56276dbe7fec51eb1510676198468f39"
  integrity sha512-VLHOUBN+sOlkYC4tGuzE41yNPO2w09sQnOpfS+pSPnBFkNUUHawEuA44PLHtDvQgVuYrMAmSWFQpWabMoP5/Xg==
  dependencies:
    "@commitlint/types" "^11.0.0"
    semver "7.3.2"

"@commitlint/lint@^11.0.0":
  version "11.0.0"
  resolved "https://registry.yarnpkg.com/@commitlint/lint/-/lint-11.0.0.tgz#01e062cd1b0e7c3d756aa2c246462e0b6a3348a4"
  integrity sha512-Q8IIqGIHfwKr8ecVZyYh6NtXFmKw4YSEWEr2GJTB/fTZXgaOGtGFZDWOesCZllQ63f1s/oWJYtVv5RAEuwN8BQ==
  dependencies:
    "@commitlint/is-ignored" "^11.0.0"
    "@commitlint/parse" "^11.0.0"
    "@commitlint/rules" "^11.0.0"
    "@commitlint/types" "^11.0.0"

"@commitlint/load@^11.0.0":
  version "11.0.0"
  resolved "https://registry.yarnpkg.com/@commitlint/load/-/load-11.0.0.tgz#f736562f0ffa7e773f8808fea93319042ee18211"
  integrity sha512-t5ZBrtgvgCwPfxmG811FCp39/o3SJ7L+SNsxFL92OR4WQxPcu6c8taD0CG2lzOHGuRyuMxZ7ps3EbngT2WpiCg==
  dependencies:
    "@commitlint/execute-rule" "^11.0.0"
    "@commitlint/resolve-extends" "^11.0.0"
    "@commitlint/types" "^11.0.0"
    chalk "4.1.0"
    cosmiconfig "^7.0.0"
    lodash "^4.17.19"
    resolve-from "^5.0.0"

"@commitlint/message@^11.0.0":
  version "11.0.0"
  resolved "https://registry.yarnpkg.com/@commitlint/message/-/message-11.0.0.tgz#83554c3cbbc884fd07b473593bc3e94bcaa3ee05"
  integrity sha512-01ObK/18JL7PEIE3dBRtoMmU6S3ecPYDTQWWhcO+ErA3Ai0KDYqV5VWWEijdcVafNpdeUNrEMigRkxXHQLbyJA==

"@commitlint/parse@^11.0.0":
  version "11.0.0"
  resolved "https://registry.yarnpkg.com/@commitlint/parse/-/parse-11.0.0.tgz#d18b08cf67c35d02115207d7009306a2e8e7c901"
  integrity sha512-DekKQAIYWAXIcyAZ6/PDBJylWJ1BROTfDIzr9PMVxZRxBPc1gW2TG8fLgjZfBP5mc0cuthPkVi91KQQKGri/7A==
  dependencies:
    conventional-changelog-angular "^5.0.0"
    conventional-commits-parser "^3.0.0"

"@commitlint/read@^11.0.0":
  version "11.0.0"
  resolved "https://registry.yarnpkg.com/@commitlint/read/-/read-11.0.0.tgz#f24240548c63587bba139fa5a364cab926077016"
  integrity sha512-37V0V91GSv0aDzMzJioKpCoZw6l0shk7+tRG8RkW1GfZzUIytdg3XqJmM+IaIYpaop0m6BbZtfq+idzUwJnw7g==
  dependencies:
    "@commitlint/top-level" "^11.0.0"
    fs-extra "^9.0.0"
    git-raw-commits "^2.0.0"

"@commitlint/resolve-extends@^11.0.0":
  version "11.0.0"
  resolved "https://registry.yarnpkg.com/@commitlint/resolve-extends/-/resolve-extends-11.0.0.tgz#158ecbe27d4a2a51d426111a01478e216fbb1036"
  integrity sha512-WinU6Uv6L7HDGLqn/To13KM1CWvZ09VHZqryqxXa1OY+EvJkfU734CwnOEeNlSCK7FVLrB4kmodLJtL1dkEpXw==
  dependencies:
    import-fresh "^3.0.0"
    lodash "^4.17.19"
    resolve-from "^5.0.0"
    resolve-global "^1.0.0"

"@commitlint/rules@^11.0.0":
  version "11.0.0"
  resolved "https://registry.yarnpkg.com/@commitlint/rules/-/rules-11.0.0.tgz#bdb310cc6fc55c9f8d7d917a22b69055c535c375"
  integrity sha512-2hD9y9Ep5ZfoNxDDPkQadd2jJeocrwC4vJ98I0g8pNYn/W8hS9+/FuNpolREHN8PhmexXbkjrwyQrWbuC0DVaA==
  dependencies:
    "@commitlint/ensure" "^11.0.0"
    "@commitlint/message" "^11.0.0"
    "@commitlint/to-lines" "^11.0.0"
    "@commitlint/types" "^11.0.0"

"@commitlint/to-lines@^11.0.0":
  version "11.0.0"
  resolved "https://registry.yarnpkg.com/@commitlint/to-lines/-/to-lines-11.0.0.tgz#86dea151c10eea41e39ea96fa4de07839258a7fe"
  integrity sha512-TIDTB0Y23jlCNubDROUVokbJk6860idYB5cZkLWcRS9tlb6YSoeLn1NLafPlrhhkkkZzTYnlKYzCVrBNVes1iw==

"@commitlint/top-level@^11.0.0":
  version "11.0.0"
  resolved "https://registry.yarnpkg.com/@commitlint/top-level/-/top-level-11.0.0.tgz#bb2d1b6e5ed3be56874633b59e1f7de118c32783"
  integrity sha512-O0nFU8o+Ws+py5pfMQIuyxOtfR/kwtr5ybqTvR+C2lUPer2x6lnQU+OnfD7hPM+A+COIUZWx10mYQvkR3MmtAA==
  dependencies:
    find-up "^5.0.0"

"@commitlint/types@^11.0.0":
  version "11.0.0"
  resolved "https://registry.yarnpkg.com/@commitlint/types/-/types-11.0.0.tgz#719cf05fcc1abb6533610a2e0f5dd1e61eac14fe"
  integrity sha512-VoNqai1vR5anRF5Tuh/+SWDFk7xi7oMwHrHrbm1BprYXjB2RJsWLhUrStMssDxEl5lW/z3EUdg8RvH/IUBccSQ==

"@solidity-parser/parser@^0.8.1":
  version "0.8.1"
  resolved "https://registry.yarnpkg.com/@solidity-parser/parser/-/parser-0.8.1.tgz#1b606578af86b9ad10755409804a6ba83f9ce8a4"
  integrity sha512-DF7H6T8I4lo2IZOE2NZwt3631T8j1gjpQLjmvY2xBNK50c4ltslR4XPKwT6RkeSd4+xCAK0GHC/k7sbRDBE4Yw==

"@types/color-name@^1.1.1":
  version "1.1.1"
  resolved "https://registry.yarnpkg.com/@types/color-name/-/color-name-1.1.1.tgz#1c1261bbeaa10a8055bbc5d8ab84b7b2afc846a0"
  integrity sha512-rr+OQyAjxze7GgWrSaJwydHStIhHq2lvY3BOC2Mj7KnzI7XK0Uw1TOOdI9lDoajEbSWLiYgoo4f1R51erQfhPQ==

"@types/minimatch@^3.0.3":
  version "3.0.3"
  resolved "https://registry.yarnpkg.com/@types/minimatch/-/minimatch-3.0.3.tgz#3dca0e3f33b200fc7d1139c0cd96c1268cadfd9d"
  integrity sha512-tHq6qdbT9U1IRSGf14CL0pUlULksvY9OZ+5eEgl1N7t+OA3tGvNpxJCzuKQlsNgCVwbAs670L1vcVQi8j9HjnA==

"@types/minimist@^1.2.0":
  version "1.2.0"
  resolved "https://registry.yarnpkg.com/@types/minimist/-/minimist-1.2.0.tgz#69a23a3ad29caf0097f06eda59b361ee2f0639f6"
  integrity sha1-aaI6OtKcrwCX8G7aWbNh7i8GOfY=

"@types/normalize-package-data@^2.4.0":
  version "2.4.0"
  resolved "https://registry.yarnpkg.com/@types/normalize-package-data/-/normalize-package-data-2.4.0.tgz#e486d0d97396d79beedd0a6e33f4534ff6b4973e"
  integrity sha512-f5j5b/Gf71L+dbqxIpQ4Z2WlmI/mPJ0fOkGGmFgtb6sAu97EPczzbS3/tJKxmcYDj55OX6ssqwDAWOHIYDRDGA==

"@types/parse-json@^4.0.0":
  version "4.0.0"
  resolved "https://registry.yarnpkg.com/@types/parse-json/-/parse-json-4.0.0.tgz#2f8bb441434d163b35fb8ffdccd7138927ffb8c0"
  integrity sha512-//oorEZjL6sbPcKUaCdIGlIUeH26mgzimjBB77G6XRgnDl/L5wOnpyBGRe/Mmf5CVW3PwEBE1NjiMZ/ssFh4wA==

JSONStream@^1.0.4:
  version "1.3.5"
  resolved "https://registry.yarnpkg.com/JSONStream/-/JSONStream-1.3.5.tgz#3208c1f08d3a4d99261ab64f92302bc15e111ca0"
  integrity sha512-E+iruNOY8VV9s4JEbe1aNEm6MiszPRr/UfcHMz0TQh1BXSxHK+ASV1R6W4HpjBhSeS+54PIsAMCBmwD06LLsqQ==
  dependencies:
    jsonparse "^1.2.0"
    through ">=2.2.7 <3"

ajv@^5.2.2:
  version "5.5.2"
  resolved "https://registry.yarnpkg.com/ajv/-/ajv-5.5.2.tgz#73b5eeca3fab653e3d3f9422b341ad42205dc965"
  integrity sha1-c7Xuyj+rZT49P5Qis0GtQiBdyWU=
  dependencies:
    co "^4.6.0"
    fast-deep-equal "^1.0.0"
    fast-json-stable-stringify "^2.0.0"
    json-schema-traverse "^0.3.0"

ansi-regex@^2.0.0:
  version "2.1.1"
  resolved "https://registry.yarnpkg.com/ansi-regex/-/ansi-regex-2.1.1.tgz#c3b33ab5ee360d86e0e628f0468ae7ef27d654df"
  integrity sha1-w7M6te42DYbg5ijwRorn7yfWVN8=

ansi-regex@^3.0.0:
  version "3.0.0"
  resolved "https://registry.yarnpkg.com/ansi-regex/-/ansi-regex-3.0.0.tgz#ed0317c322064f79466c02966bddb605ab37d998"
  integrity sha1-7QMXwyIGT3lGbAKWa922Bas32Zg=

ansi-regex@^5.0.0:
  version "5.0.0"
  resolved "https://registry.yarnpkg.com/ansi-regex/-/ansi-regex-5.0.0.tgz#388539f55179bf39339c81af30a654d69f87cb75"
  integrity sha512-bY6fj56OUQ0hU1KjFNDQuJFezqKdrAyFdIevADiqrWHwSlbmBNMHp5ak2f40Pm8JTFyM2mqxkG6ngkHO11f/lg==

ansi-styles@^3.2.1:
  version "3.2.1"
  resolved "https://registry.yarnpkg.com/ansi-styles/-/ansi-styles-3.2.1.tgz#41fbb20243e50b12be0f04b8dedbf07520ce841d"
  integrity sha512-VT0ZI6kZRdTh8YyJw3SMbYm/u+NqfsAxEpWO0Pf9sq8/e94WxxOpPKx9FR1FlyCtOVDNOQ+8ntlqFxiRc+r5qA==
  dependencies:
    color-convert "^1.9.0"

ansi-styles@^4.0.0, ansi-styles@^4.1.0:
  version "4.2.1"
  resolved "https://registry.yarnpkg.com/ansi-styles/-/ansi-styles-4.2.1.tgz#90ae75c424d008d2624c5bf29ead3177ebfcf359"
  integrity sha512-9VGjrMsG1vePxcSweQsN20KY/c4zN0h9fLjqAbwbPfahM3t+NL+M9HC8xeXG2I8pX5NoamTGNuomEUFI7fcUjA==
  dependencies:
    "@types/color-name" "^1.1.1"
    color-convert "^2.0.1"

anymatch@^1.3.0:
  version "1.3.2"
  resolved "https://registry.yarnpkg.com/anymatch/-/anymatch-1.3.2.tgz#553dcb8f91e3c889845dfdba34c77721b90b9d7a"
  integrity sha512-0XNayC8lTHQ2OI8aljNCN3sSx6hsr/1+rlcDAotXJR7C1oZZHCNsfpbKwMjRA3Uqb5tF1Rae2oloTr4xpq+WjA==
  dependencies:
    micromatch "^2.1.5"
    normalize-path "^2.0.0"

arr-diff@^2.0.0:
  version "2.0.0"
  resolved "https://registry.yarnpkg.com/arr-diff/-/arr-diff-2.0.0.tgz#8f3b827f955a8bd669697e4a4256ac3ceae356cf"
  integrity sha1-jzuCf5Vai9ZpaX5KQlasPOrjVs8=
  dependencies:
    arr-flatten "^1.0.1"

arr-diff@^4.0.0:
  version "4.0.0"
  resolved "https://registry.yarnpkg.com/arr-diff/-/arr-diff-4.0.0.tgz#d6461074febfec71e7e15235761a329a5dc7c520"
  integrity sha1-1kYQdP6/7HHn4VI1dhoyml3HxSA=

arr-flatten@^1.0.1, arr-flatten@^1.1.0:
  version "1.1.0"
  resolved "https://registry.yarnpkg.com/arr-flatten/-/arr-flatten-1.1.0.tgz#36048bbff4e7b47e136644316c99669ea5ae91f1"
  integrity sha512-L3hKV5R/p5o81R7O02IGnwpDmkp6E982XhtbuwSe3O4qOtMMMtodicASA1Cny2U+aCXcNpml+m4dPsvsJ3jatg==

arr-union@^3.1.0:
  version "3.1.0"
  resolved "https://registry.yarnpkg.com/arr-union/-/arr-union-3.1.0.tgz#e39b09aea9def866a8f206e288af63919bae39c4"
  integrity sha1-45sJrqne+Gao8gbiiK9jkZuuOcQ=

array-differ@^3.0.0:
  version "3.0.0"
  resolved "https://registry.yarnpkg.com/array-differ/-/array-differ-3.0.0.tgz#3cbb3d0f316810eafcc47624734237d6aee4ae6b"
  integrity sha512-THtfYS6KtME/yIAhKjZ2ul7XI96lQGHRputJQHO80LAWQnuGP4iCIN8vdMRboGbIEYBwU33q8Tch1os2+X0kMg==

array-ify@^1.0.0:
  version "1.0.0"
  resolved "https://registry.yarnpkg.com/array-ify/-/array-ify-1.0.0.tgz#9e528762b4a9066ad163a6962a364418e9626ece"
  integrity sha1-nlKHYrSpBmrRY6aWKjZEGOlibs4=

array-union@^2.1.0:
  version "2.1.0"
  resolved "https://registry.yarnpkg.com/array-union/-/array-union-2.1.0.tgz#b798420adbeb1de828d84acd8a2e23d3efe85e8d"
  integrity sha512-HGyxoOTYUyCM6stUe6EJgnd4EoewAI7zMdfqO+kGjnlZmBDz/cR5pf8r/cR4Wq60sL/p0IkcjUEEPwS3GFrIyw==

array-unique@^0.2.1:
  version "0.2.1"
  resolved "https://registry.yarnpkg.com/array-unique/-/array-unique-0.2.1.tgz#a1d97ccafcbc2625cc70fadceb36a50c58b01a53"
  integrity sha1-odl8yvy8JiXMcPrc6zalDFiwGlM=

array-unique@^0.3.2:
  version "0.3.2"
  resolved "https://registry.yarnpkg.com/array-unique/-/array-unique-0.3.2.tgz#a894b75d4bc4f6cd679ef3244a9fd8f46ae2d428"
  integrity sha1-qJS3XUvE9s1nnvMkSp/Y9Gri1Cg=

arrify@^1.0.1:
  version "1.0.1"
  resolved "https://registry.yarnpkg.com/arrify/-/arrify-1.0.1.tgz#898508da2226f380df904728456849c1501a4b0d"
  integrity sha1-iYUI2iIm84DfkEcoRWhJwVAaSw0=

arrify@^2.0.1:
  version "2.0.1"
  resolved "https://registry.yarnpkg.com/arrify/-/arrify-2.0.1.tgz#c9655e9331e0abcd588d2a7cad7e9956f66701fa"
  integrity sha512-3duEwti880xqi4eAMN8AyR4a0ByT90zoYdLlevfrvU43vb0YZwZVfxOgxWrLXXXpyugL0hNZc9G6BiB5B3nUug==

assign-symbols@^1.0.0:
  version "1.0.0"
  resolved "https://registry.yarnpkg.com/assign-symbols/-/assign-symbols-1.0.0.tgz#59667f41fadd4f20ccbc2bb96b8d4f7f78ec0367"
  integrity sha1-WWZ/QfrdTyDMvCu5a41Pf3jsA2c=

async-each@^1.0.0:
  version "1.0.3"
  resolved "https://registry.yarnpkg.com/async-each/-/async-each-1.0.3.tgz#b727dbf87d7651602f06f4d4ac387f47d91b0cbf"
  integrity sha512-z/WhQ5FPySLdvREByI2vZiTWwCnF0moMJ1hK9YQwDTHKh6I7/uSckMetoRGb5UBZPC1z0jlw+n/XCgjeH7y1AQ==

at-least-node@^1.0.0:
  version "1.0.0"
  resolved "https://registry.yarnpkg.com/at-least-node/-/at-least-node-1.0.0.tgz#602cd4b46e844ad4effc92a8011a3c46e0238dc2"
  integrity sha512-+q/t7Ekv1EDY2l6Gda6LLiX14rU9TV20Wa3ofeQmwPFZbOMo9DXrLbOjFaaclkXKWidIaopwAObQDqwWtGUjqg==

atob@^2.1.2:
  version "2.1.2"
  resolved "https://registry.yarnpkg.com/atob/-/atob-2.1.2.tgz#6d9517eb9e030d2436666651e86bd9f6f13533c9"
  integrity sha512-Wm6ukoaOGJi/73p/cl2GvLjTI5JM1k/O14isD73YML8StrH/7/lRFgmg8nICZgD3bZZvjwCGxtMOD3wWNAu8cg==

balanced-match@^1.0.0:
  version "1.0.0"
  resolved "https://registry.yarnpkg.com/balanced-match/-/balanced-match-1.0.0.tgz#89b4d199ab2bee49de164ea02b89ce462d71b767"
  integrity sha1-ibTRmasr7kneFk6gK4nORi1xt2c=

base@^0.11.1:
  version "0.11.2"
  resolved "https://registry.yarnpkg.com/base/-/base-0.11.2.tgz#7bde5ced145b6d551a90db87f83c558b4eb48a8f"
  integrity sha512-5T6P4xPgpp0YDFvSWwEZ4NoE3aM4QBQXDzmVbraCkFj8zHM+mba8SyqB5DbZWyR7mYHo6Y7BdQo3MoA4m0TeQg==
  dependencies:
    cache-base "^1.0.1"
    class-utils "^0.3.5"
    component-emitter "^1.2.1"
    define-property "^1.0.0"
    isobject "^3.0.1"
    mixin-deep "^1.2.0"
    pascalcase "^0.1.1"
